
Microsoft Visual Studio Solution File, Format Version 12.00
# Visual Studio Version 17
VisualStudioVersion = 17.14.36623.8 d17.14
MinimumVisualStudioVersion = 10.0.40219.1
Project("{FAE04EC0-301F-11D3-BF4B-00C04F79EFBC}") = "MyClinic.Domain", "MyClinic.Domain\MyClinic.Domain.csproj", "{6943D6A4-49D3-466E-80CB-07EF35E97613}"
EndProject
Project("{FAE04EC0-301F-11D3-BF4B-00C04F79EFBC}") = "MyClinic.Application", "MyClinic.Application\MyClinic.Application.csproj", "{A43F48DC-4767-4FBF-80AB-EA5ECDF945C4}"
EndProject
Project("{FAE04EC0-301F-11D3-BF4B-00C04F79EFBC}") = "MyClinic.Infrastructure", "MyClinic.Infrastructure\MyClinic.Infrastructure.csproj", "{E13EE326-0115-4955-A944-5D906C93BA7E}"
EndProject
Project("{FAE04EC0-301F-11D3-BF4B-00C04F79EFBC}") = "MyClinic.Web", "MyClinic.Web\MyClinic.Web.csproj", "{82B79833-F348-4A2F-A8CC-3D2E257ED163}"
EndProject
Global
	GlobalSection(SolutionConfigurationPlatforms) = preSolution
		Debug|Any CPU = Debug|Any CPU
		Release|Any CPU = Release|Any CPU
	EndGlobalSection
	GlobalSection(ProjectConfigurationPlatforms) = postSolution
		{6943D6A4-49D3-466E-80CB-07EF35E97613}.Debug|Any CPU.ActiveCfg = Debug|Any CPU
		{6943D6A4-49D3-466E-80CB-07EF35E97613}.Debug|Any CPU.Build.0 = Debug|Any CPU
		{6943D6A4-49D3-466E-80CB-07EF35E97613}.Release|Any CPU.ActiveCfg = Release|Any CPU
		{6943D6A4-49D3-466E-80CB-07EF35E97613}.Release|Any CPU.Build.0 = Release|Any CPU
		{A43F48DC-4767-4FBF-80AB-EA5ECDF945C4}.Debug|Any CPU.ActiveCfg = Debug|Any CPU
		{A43F48DC-4767-4FBF-80AB-EA5ECDF945C4}.Debug|Any CPU.Build.0 = Debug|Any CPU
		{A43F48DC-4767-4FBF-80AB-EA5ECDF945C4}.Release|Any CPU.ActiveCfg = Release|Any CPU
		{A43F48DC-4767-4FBF-80AB-EA5ECDF945C4}.Release|Any CPU.Build.0 = Release|Any CPU
		{E13EE326-0115-4955-A944-5D906C93BA7E}.Debug|Any CPU.ActiveCfg = Debug|Any CPU
		{E13EE326-0115-4955-A944-5D906C93BA7E}.Debug|Any CPU.Build.0 = Debug|Any CPU
		{E13EE326-0115-4955-A944-5D906C93BA7E}.Release|Any CPU.ActiveCfg = Release|Any CPU
		{E13EE326-0115-4955-A944-5D906C93BA7E}.Release|Any CPU.Build.0 = Release|Any CPU
		{82B79833-F348-4A2F-A8CC-3D2E257ED163}.Debug|Any CPU.ActiveCfg = Debug|Any CPU
		{82B79833-F348-4A2F-A8CC-3D2E257ED163}.Debug|Any CPU.Build.0 = Debug|Any CPU
		{82B79833-F348-4A2F-A8CC-3D2E257ED163}.Release|Any CPU.ActiveCfg = Release|Any CPU
		{82B79833-F348-4A2F-A8CC-3D2E257ED163}.Release|Any CPU.Build.0 = Release|Any CPU
	EndGlobalSection
	GlobalSection(SolutionProperties) = preSolution
		HideSolutionNode = FALSE
	EndGlobalSection
	GlobalSection(ExtensibilityGlobals) = postSolution
		SolutionGuid = {1BADCB85-CCBA-401E-8AEB-34B7DC438903}
	EndGlobalSection
EndGlobal
